hash: 860ad133cd846755d0227ceeda5a380eeaab417ef187277d3378dac7a515425e
updated: 2017-09-15T01:12:43.448814751-06:00
imports:
- name: github.com/mattn/go-colorable
  version: 5411d3eea5978e6cdc258b30de592b60df6aba96
- name: github.com/mattn/go-isatty
  version: 57fdcb988a5c543893cc61bce354a6e24ab70022
- name: github.com/mgutz/ansi
  version: 9520e82c474b0a04dd04f8a40959027271bab992
- name: github.com/rs/xid
  version: 02dd45c33376f85d1064355dc790dcc4850596b1
- name: golang.org/x/sys
  version: aaabbdc969c3935a2a7f61efac801e7163c73a2a
  subpackages:
  - unix
testImports: []
